
Microsoft Visual Studio Solution File, Format Version 12.00
# Visual Studio Version 16
VisualStudioVersion = 16.0.30907.101
MinimumVisualStudioVersion = 10.0.40219.1
Project("{9A19103F-16F7-4668-BE54-9A1E7A4F7556}") = "TinaValidator", "TinaValidator\TinaValidator.csproj", "{09BAEE35-62B0-4C82-B85F-019C91E50643}"
EndProject
Project("{FAE04EC0-301F-11D3-BF4B-00C04F79EFBC}") = "TinvaValidatorTest", "TinvaValidatorTest\TinvaValidatorTest.csproj", "{52E0D9B3-2662-4B95-9BDB-ACCA0845296F}"
EndProject
Global
	GlobalSection(SolutionConfigurationPlatforms) = preSolution
		Debug|Any CPU = Debug|Any CPU
		Release|Any CPU = Release|Any CPU
	EndGlobalSection
	GlobalSection(ProjectConfigurationPlatforms) = postSolution
		{09BAEE35-62B0-4C82-B85F-019C91E50643}.Debug|Any CPU.ActiveCfg = Debug|Any CPU
		{09BAEE35-62B0-4C82-B85F-019C91E50643}.Debug|Any CPU.Build.0 = Debug|Any CPU
		{09BAEE35-62B0-4C82-B85F-019C91E50643}.Release|Any CPU.ActiveCfg = Release|Any CPU
		{09BAEE35-62B0-4C82-B85F-019C91E50643}.Release|Any CPU.Build.0 = Release|Any CPU
		{52E0D9B3-2662-4B95-9BDB-ACCA0845296F}.Debug|Any CPU.ActiveCfg = Debug|Any CPU
		{52E0D9B3-2662-4B95-9BDB-ACCA0845296F}.Debug|Any CPU.Build.0 = Debug|Any CPU
		{52E0D9B3-2662-4B95-9BDB-ACCA0845296F}.Release|Any CPU.ActiveCfg = Release|Any CPU
		{52E0D9B3-2662-4B95-9BDB-ACCA0845296F}.Release|Any CPU.Build.0 = Release|Any CPU
	EndGlobalSection
	GlobalSection(SolutionProperties) = preSolution
		HideSolutionNode = FALSE
	EndGlobalSection
	GlobalSection(ExtensibilityGlobals) = postSolution
		SolutionGuid = {78F653A7-5387-40D1-8DFD-71E54020003E}
	EndGlobalSection
EndGlobal
